
Microsoft Visual Studio Solution File, Format Version 12.00
# Visual Studio 15
Project("{FAE04EC0-301F-11D3-BF4B-00C04F79EFBC}") = "Assembly-CSharp", "Assembly-CSharp.csproj", "{A0E740E7-C80F-1C8F-1AAC-B9D0AB8F1A87}"
EndProject
Project("{FAE04EC0-301F-11D3-BF4B-00C04F79EFBC}") = "Assembly-CSharp-firstpass", "Assembly-CSharp-firstpass.csproj", "{21259599-498C-5585-E670-6BEA1B27BE95}"
EndProject
Project("{FAE04EC0-301F-11D3-BF4B-00C04F79EFBC}") = "Assembly-CSharp-Editor", "Assembly-CSharp-Editor.csproj", "{D952B55E-77E3-4664-D656-6101AAAC7A80}"
EndProject
Global
	GlobalSection(SolutionConfigurationPlatforms) = preSolution
		Debug|Any CPU = Debug|Any CPU
		Release|Any CPU = Release|Any CPU
	EndGlobalSection
	GlobalSection(ProjectConfigurationPlatforms) = postSolution
		{A0E740E7-C80F-1C8F-1AAC-B9D0AB8F1A87}.Debug|Any CPU.ActiveCfg = Debug|Any CPU
		{A0E740E7-C80F-1C8F-1AAC-B9D0AB8F1A87}.Debug|Any CPU.Build.0 = Debug|Any CPU
		{A0E740E7-C80F-1C8F-1AAC-B9D0AB8F1A87}.Release|Any CPU.ActiveCfg = Release|Any CPU
		{A0E740E7-C80F-1C8F-1AAC-B9D0AB8F1A87}.Release|Any CPU.Build.0 = Release|Any CPU
		{21259599-498C-5585-E670-6BEA1B27BE95}.Debug|Any CPU.ActiveCfg = Debug|Any CPU
		{21259599-498C-5585-E670-6BEA1B27BE95}.Debug|Any CPU.Build.0 = Debug|Any CPU
		{21259599-498C-5585-E670-6BEA1B27BE95}.Release|Any CPU.ActiveCfg = Release|Any CPU
		{21259599-498C-5585-E670-6BEA1B27BE95}.Release|Any CPU.Build.0 = Release|Any CPU
		{D952B55E-77E3-4664-D656-6101AAAC7A80}.Debug|Any CPU.ActiveCfg = Debug|Any CPU
		{D952B55E-77E3-4664-D656-6101AAAC7A80}.Debug|Any CPU.Build.0 = Debug|Any CPU
		{D952B55E-77E3-4664-D656-6101AAAC7A80}.Release|Any CPU.ActiveCfg = Release|Any CPU
		{D952B55E-77E3-4664-D656-6101AAAC7A80}.Release|Any CPU.Build.0 = Release|Any CPU
	EndGlobalSection
	GlobalSection(SolutionProperties) = preSolution
		HideSolutionNode = FALSE
	EndGlobalSection
EndGlobal
